
Microsoft Visual Studio Solution File, Format Version 12.00
# Visual Studio 15
VisualStudioVersion = 15.0.28307.106
MinimumVisualStudioVersion = 10.0.40219.1
Project("{FAE04EC0-301F-11D3-BF4B-00C04F79EFBC}") = "GameFramework", "GameFramework\GameFramework.csproj", "{0E233138-0822-4BC1-945D-697E299BEE8F}"
EndProject
Project("{D954291E-2A0B-460D-934E-DC6B0785DB48}") = "Raylib", "Raylib\Bindings\Raylib.shproj", "{F660FF67-D70E-4AE0-9080-D922243E9B6E}"
EndProject
Global
	GlobalSection(SharedMSBuildProjectFiles) = preSolution
		Raylib\Bindings\Raylib.projitems*{0e233138-0822-4bc1-945d-697e299bee8f}*SharedItemsImports = 4
		Raylib\Bindings\Raylib.projitems*{f660ff67-d70e-4ae0-9080-d922243e9b6e}*SharedItemsImports = 13
	EndGlobalSection
	GlobalSection(SolutionConfigurationPlatforms) = preSolution
		Debug|Any CPU = Debug|Any CPU
		Release|Any CPU = Release|Any CPU
	EndGlobalSection
	GlobalSection(ProjectConfigurationPlatforms) = postSolution
		{0E233138-0822-4BC1-945D-697E299BEE8F}.Debug|Any CPU.ActiveCfg = Debug|Any CPU
		{0E233138-0822-4BC1-945D-697E299BEE8F}.Debug|Any CPU.Build.0 = Debug|Any CPU
		{0E233138-0822-4BC1-945D-697E299BEE8F}.Release|Any CPU.ActiveCfg = Release|Any CPU
		{0E233138-0822-4BC1-945D-697E299BEE8F}.Release|Any CPU.Build.0 = Release|Any CPU
	EndGlobalSection
	GlobalSection(SolutionProperties) = preSolution
		HideSolutionNode = FALSE
	EndGlobalSection
	GlobalSection(ExtensibilityGlobals) = postSolution
		SolutionGuid = {71C0893F-2CBC-4F35-AA19-2569B11806CD}
	EndGlobalSection
EndGlobal
